// !$*UTF8*$!
{
	archiveVersion = 1;
	classes = {
	};
	objectVersion = 56;
	objects = {

/* Begin PBXBuildFile section */
		DC4DEBF82C271A0B00446F10 /* PlayerView.swift in Sources */ = {isa = PBXBuildFile; fileRef = DC4DEBF72C271A0B00446F10 /* PlayerView.swift */; };
		DCD9F2862C243419009D135B /* TimeConterter.swift in Sources */ = {isa = PBXBuildFile; fileRef = DCD9F2852C243419009D135B /* TimeConterter.swift */; };
		DCD9F2892C243F0D009D135B /* TrackView.swift in Sources */ = {isa = PBXBuildFile; fileRef = DCD9F2882C243F0D009D135B /* TrackView.swift */; };
		DCD9F28B2C2440E4009D135B /* PlaylistTrackView.swift in Sources */ = {isa = PBXBuildFile; fileRef = DCD9F28A2C2440E4009D135B /* PlaylistTrackView.swift */; };
		DCE390572C22EBD00073B44E /* gitsApp.swift in Sources */ = {isa = PBXBuildFile; fileRef = DCE390562C22EBD00073B44E /* gitsApp.swift */; };
		DCE390592C22EBD00073B44E /* ContentView.swift in Sources */ = {isa = PBXBuildFile; fileRef = DCE390582C22EBD00073B44E /* ContentView.swift */; };
		DCE3905B2C22EBD40073B44E /* Assets.xcassets in Resources */ = {isa = PBXBuildFile; fileRef = DCE3905A2C22EBD40073B44E /* Assets.xcassets */; };
		DCE3905E2C22EBD40073B44E /* Preview Assets.xcassets in Resources */ = {isa = PBXBuildFile; fileRef = DCE3905D2C22EBD40073B44E /* Preview Assets.xcassets */; };
		DCE390682C22EBD40073B44E /* gitsTests.swift in Sources */ = {isa = PBXBuildFile; fileRef = DCE390672C22EBD40073B44E /* gitsTests.swift */; };
		DCE390722C22EBD40073B44E /* gitsUITests.swift in Sources */ = {isa = PBXBuildFile; fileRef = DCE390712C22EBD40073B44E /* gitsUITests.swift */; };
		DCE390742C22EBD40073B44E /* gitsUITestsLaunchTests.swift in Sources */ = {isa = PBXBuildFile; fileRef = DCE390732C22EBD40073B44E /* gitsUITestsLaunchTests.swift */; };
		DCE390822C22EC030073B44E /* PlaylistTrack.swift in Sources */ = {isa = PBXBuildFile; fileRef = DCE390812C22EC030073B44E /* PlaylistTrack.swift */; };
		DCE390872C22ED2F0073B44E /* PlaylistTrackViewModel.swift in Sources */ = {isa = PBXBuildFile; fileRef = DCE390862C22ED2F0073B44E /* PlaylistTrackViewModel.swift */; };
		DCE390892C22EDEB0073B44E /* PlaylistTrack.json in Resources */ = {isa = PBXBuildFile; fileRef = DCE390882C22EDEB0073B44E /* PlaylistTrack.json */; };
		DCEB1BFB2C291A9000E04B72 /* Color.swift in Sources */ = {isa = PBXBuildFile; fileRef = DCEB1BFA2C291A9000E04B72 /* Color.swift */; };
		DCEB1BFD2C292BEA00E04B72 /* PlayerViewModel.swift in Sources */ = {isa = PBXBuildFile; fileRef = DCEB1BFC2C292BEA00E04B72 /* PlayerViewModel.swift */; };
/* End PBXBuildFile section */

/* Begin PBXContainerItemProxy section */
		DCE390642C22EBD40073B44E /* PBXContainerItemProxy */ = {
			isa = PBXContainerItemProxy;
			containerPortal = DCE3904B2C22EBD00073B44E /* Project object */;
			proxyType = 1;
			remoteGlobalIDString = DCE390522C22EBD00073B44E;
			remoteInfo = gits;
		};
		DCE3906E2C22EBD40073B44E /* PBXContainerItemProxy */ = {
			isa = PBXContainerItemProxy;
			containerPortal = DCE3904B2C22EBD00073B44E /* Project object */;
			proxyType = 1;
			remoteGlobalIDString = DCE390522C22EBD00073B44E;
			remoteInfo = gits;
		};
/* End PBXContainerItemProxy section */

/* Begin PBXFileReference section */
		DC4DEBF72C271A0B00446F10 /* PlayerView.swift */ = {isa = PBXFileReference; lastKnownFileType = sourcecode.swift; path = PlayerView.swift; sourceTree = "<group>"; };
		DCD9F2852C243419009D135B /* TimeConterter.swift */ = {isa = PBXFileReference; lastKnownFileType = sourcecode.swift; path = TimeConterter.swift; sourceTree = "<group>"; };
		DCD9F2882C243F0D009D135B /* TrackView.swift */ = {isa = PBXFileReference; lastKnownFileType = sourcecode.swift; path = TrackView.swift; sourceTree = "<group>"; };
		DCD9F28A2C2440E4009D135B /* PlaylistTrackView.swift */ = {isa = PBXFileReference; lastKnownFileType = sourcecode.swift; path = PlaylistTrackView.swift; sourceTree = "<group>"; };
		DCE390532C22EBD00073B44E /* gits.app */ = {isa = PBXFileReference; explicitFileType = wrapper.application; includeInIndex = 0; path = gits.app; sourceTree = BUILT_PRODUCTS_DIR; };
		DCE390562C22EBD00073B44E /* gitsApp.swift */ = {isa = PBXFileReference; lastKnownFileType = sourcecode.swift; path = gitsApp.swift; sourceTree = "<group>"; };
		DCE390582C22EBD00073B44E /* ContentView.swift */ = {isa = PBXFileReference; lastKnownFileType = sourcecode.swift; path = ContentView.swift; sourceTree = "<group>"; };
		DCE3905A2C22EBD40073B44E /* Assets.xcassets */ = {isa = PBXFileReference; lastKnownFileType = folder.assetcatalog; path = Assets.xcassets; sourceTree = "<group>"; };
		DCE3905D2C22EBD40073B44E /* Preview Assets.xcassets */ = {isa = PBXFileReference; lastKnownFileType = folder.assetcatalog; path = "Preview Assets.xcassets"; sourceTree = "<group>"; };
		DCE390632C22EBD40073B44E /* gitsTests.xctest */ = {isa = PBXFileReference; explicitFileType = wrapper.cfbundle; includeInIndex = 0; path = gitsTests.xctest; sourceTree = BUILT_PRODUCTS_DIR; };
		DCE390672C22EBD40073B44E /* gitsTests.swift */ = {isa = PBXFileReference; lastKnownFileType = sourcecode.swift; path = gitsTests.swift; sourceTree = "<group>"; };
		DCE3906D2C22EBD40073B44E /* gitsUITests.xctest */ = {isa = PBXFileReference; explicitFileType = wrapper.cfbundle; includeInIndex = 0; path = gitsUITests.xctest; sourceTree = BUILT_PRODUCTS_DIR; };
		DCE390712C22EBD40073B44E /* gitsUITests.swift */ = {isa = PBXFileReference; lastKnownFileType = sourcecode.swift; path = gitsUITests.swift; sourceTree = "<group>"; };
		DCE390732C22EBD40073B44E /* gitsUITestsLaunchTests.swift */ = {isa = PBXFileReference; lastKnownFileType = sourcecode.swift; path = gitsUITestsLaunchTests.swift; sourceTree = "<group>"; };
		DCE390812C22EC030073B44E /* PlaylistTrack.swift */ = {isa = PBXFileReference; lastKnownFileType = sourcecode.swift; path = PlaylistTrack.swift; sourceTree = "<group>"; };
		DCE390862C22ED2F0073B44E /* PlaylistTrackViewModel.swift */ = {isa = PBXFileReference; lastKnownFileType = sourcecode.swift; path = PlaylistTrackViewModel.swift; sourceTree = "<group>"; };
		DCE390882C22EDEB0073B44E /* PlaylistTrack.json */ = {isa = PBXFileReference; lastKnownFileType = text.json; path = PlaylistTrack.json; sourceTree = "<group>"; };
		DCEB1BFA2C291A9000E04B72 /* Color.swift */ = {isa = PBXFileReference; lastKnownFileType = sourcecode.swift; path = Color.swift; sourceTree = "<group>"; };
		DCEB1BFC2C292BEA00E04B72 /* PlayerViewModel.swift */ = {isa = PBXFileReference; lastKnownFileType = sourcecode.swift; path = PlayerViewModel.swift; sourceTree = "<group>"; };
/* End PBXFileReference section */

/* Begin PBXFrameworksBuildPhase section */
		DCE390502C22EBD00073B44E /* Frameworks */ = {
			isa = PBXFrameworksBuildPhase;
			buildActionMask = 2147483647;
			files = (
			);
			runOnlyForDeploymentPostprocessing = 0;
		};
		DCE390602C22EBD40073B44E /* Frameworks */ = {
			isa = PBXFrameworksBuildPhase;
			buildActionMask = 2147483647;
			files = (
			);
			runOnlyForDeploymentPostprocessing = 0;
		};
		DCE3906A2C22EBD40073B44E /* Frameworks */ = {
			isa = PBXFrameworksBuildPhase;
			buildActionMask = 2147483647;
			files = (
			);
			runOnlyForDeploymentPostprocessing = 0;
		};
/* End PBXFrameworksBuildPhase section */

/* Begin PBXGroup section */
		DCD9F2842C2433F1009D135B /* Utils */ = {
			isa = PBXGroup;
			children = (
				DCD9F2852C243419009D135B /* TimeConterter.swift */,
				DCEB1BFA2C291A9000E04B72 /* Color.swift */,
			);
			path = Utils;
			sourceTree = "<group>";
		};
		DCD9F2872C243EDD009D135B /* Views */ = {
			isa = PBXGroup;
			children = (
				DCD9F2882C243F0D009D135B /* TrackView.swift */,
				DCD9F28A2C2440E4009D135B /* PlaylistTrackView.swift */,
				DC4DEBF72C271A0B00446F10 /* PlayerView.swift */,
			);
			path = Views;
			sourceTree = "<group>";
		};
		DCE3904A2C22EBD00073B44E = {
			isa = PBXGroup;
			children = (
				DCE390552C22EBD00073B44E /* gits */,
				DCE390662C22EBD40073B44E /* gitsTests */,
				DCE390702C22EBD40073B44E /* gitsUITests */,
				DCE390542C22EBD00073B44E /* Products */,
			);
			sourceTree = "<group>";
		};
		DCE390542C22EBD00073B44E /* Products */ = {
			isa = PBXGroup;
			children = (
				DCE390532C22EBD00073B44E /* gits.app */,
				DCE390632C22EBD40073B44E /* gitsTests.xctest */,
				DCE3906D2C22EBD40073B44E /* gitsUITests.xctest */,
			);
			name = Products;
			sourceTree = "<group>";
		};
		DCE390552C22EBD00073B44E /* gits */ = {
			isa = PBXGroup;
			children = (
				DCD9F2872C243EDD009D135B /* Views */,
				DCD9F2842C2433F1009D135B /* Utils */,
				DCE390832C22ECE20073B44E /* Resources */,
				DCE390802C22EBE20073B44E /* Models */,
				DCE390562C22EBD00073B44E /* gitsApp.swift */,
				DCE390582C22EBD00073B44E /* ContentView.swift */,
				DCE390862C22ED2F0073B44E /* PlaylistTrackViewModel.swift */,
				DCEB1BFC2C292BEA00E04B72 /* PlayerViewModel.swift */,
				DCE3905A2C22EBD40073B44E /* Assets.xcassets */,
				DCE3905C2C22EBD40073B44E /* Preview Content */,
			);
			path = gits;
			sourceTree = "<group>";
		};
		DCE3905C2C22EBD40073B44E /* Preview Content */ = {
			isa = PBXGroup;
			children = (
				DCE3905D2C22EBD40073B44E /* Preview Assets.xcassets */,
			);
			path = "Preview Content";
			sourceTree = "<group>";
		};
		DCE390662C22EBD40073B44E /* gitsTests */ = {
			isa = PBXGroup;
			children = (
				DCE390672C22EBD40073B44E /* gitsTests.swift */,
			);
			path = gitsTests;
			sourceTree = "<group>";
		};
		DCE390702C22EBD40073B44E /* gitsUITests */ = {
			isa = PBXGroup;
			children = (
				DCE390712C22EBD40073B44E /* gitsUITests.swift */,
				DCE390732C22EBD40073B44E /* gitsUITestsLaunchTests.swift */,
			);
			path = gitsUITests;
			sourceTree = "<group>";
		};
		DCE390802C22EBE20073B44E /* Models */ = {
			isa = PBXGroup;
			children = (
				DCE390812C22EC030073B44E /* PlaylistTrack.swift */,
			);
			path = Models;
			sourceTree = "<group>";
		};
		DCE390832C22ECE20073B44E /* Resources */ = {
			isa = PBXGroup;
			children = (
				DCE390882C22EDEB0073B44E /* PlaylistTrack.json */,
			);
			path = Resources;
			sourceTree = "<group>";
		};
/* End PBXGroup section */

/* Begin PBXNativeTarget section */
		DCE390522C22EBD00073B44E /* gits */ = {
			isa = PBXNativeTarget;
			buildConfigurationList = DCE390772C22EBD50073B44E /* Build configuration list for PBXNativeTarget "gits" */;
			buildPhases = (
				DCE3904F2C22EBD00073B44E /* Sources */,
				DCE390502C22EBD00073B44E /* Frameworks */,
				DCE390512C22EBD00073B44E /* Resources */,
			);
			buildRules = (
			);
			dependencies = (
			);
			name = gits;
			productName = gits;
			productReference = DCE390532C22EBD00073B44E /* gits.app */;
			productType = "com.apple.product-type.application";
		};
		DCE390622C22EBD40073B44E /* gitsTests */ = {
			isa = PBXNativeTarget;
			buildConfigurationList = DCE3907A2C22EBD50073B44E /* Build configuration list for PBXNativeTarget "gitsTests" */;
			buildPhases = (
				DCE3905F2C22EBD40073B44E /* Sources */,
				DCE390602C22EBD40073B44E /* Frameworks */,
				DCE390612C22EBD40073B44E /* Resources */,
			);
			buildRules = (
			);
			dependencies = (
				DCE390652C22EBD40073B44E /* PBXTargetDependency */,
			);
			name = gitsTests;
			productName = gitsTests;
			productReference = DCE390632C22EBD40073B44E /* gitsTests.xctest */;
			productType = "com.apple.product-type.bundle.unit-test";
		};
		DCE3906C2C22EBD40073B44E /* gitsUITests */ = {
			isa = PBXNativeTarget;
			buildConfigurationList = DCE3907D2C22EBD50073B44E /* Build configuration list for PBXNativeTarget "gitsUITests" */;
			buildPhases = (
				DCE390692C22EBD40073B44E /* Sources */,
				DCE3906A2C22EBD40073B44E /* Frameworks */,
				DCE3906B2C22EBD40073B44E /* Resources */,
			);
			buildRules = (
			);
			dependencies = (
				DCE3906F2C22EBD40073B44E /* PBXTargetDependency */,
			);
			name = gitsUITests;
			productName = gitsUITests;
			productReference = DCE3906D2C22EBD40073B44E /* gitsUITests.xctest */;
			productType = "com.apple.product-type.bundle.ui-testing";
		};
/* End PBXNativeTarget section */

/* Begin PBXProject section */
		DCE3904B2C22EBD00073B44E /* Project object */ = {
			isa = PBXProject;
			attributes = {
				BuildIndependentTargetsInParallel = 1;
				LastSwiftUpdateCheck = 1540;
				LastUpgradeCheck = 1540;
				TargetAttributes = {
					DCE390522C22EBD00073B44E = {
						CreatedOnToolsVersion = 15.4;
					};
					DCE390622C22EBD40073B44E = {
						CreatedOnToolsVersion = 15.4;
						TestTargetID = DCE390522C22EBD00073B44E;
					};
					DCE3906C2C22EBD40073B44E = {
						CreatedOnToolsVersion = 15.4;
						TestTargetID = DCE390522C22EBD00073B44E;
					};
				};
			};
			buildConfigurationList = DCE3904E2C22EBD00073B44E /* Build configuration list for PBXProject "gits" */;
			compatibilityVersion = "Xcode 14.0";
			developmentRegion = en;
			hasScannedForEncodings = 0;
			knownRegions = (
				en,
				Base,
			);
			mainGroup = DCE3904A2C22EBD00073B44E;
			productRefGroup = DCE390542C22EBD00073B44E /* Products */;
			projectDirPath = "";
			projectRoot = "";
			targets = (
				DCE390522C22EBD00073B44E /* gits */,
				DCE390622C22EBD40073B44E /* gitsTests */,
				DCE3906C2C22EBD40073B44E /* gitsUITests */,
			);
		};
/* End PBXProject section */

/* Begin PBXResourcesBuildPhase section */
		DCE390512C22EBD00073B44E /* Resources */ = {
			isa = PBXResourcesBuildPhase;
			buildActionMask = 2147483647;
			files = (
				DCE3905E2C22EBD40073B44E /* Preview Assets.xcassets in Resources */,
				DCE390892C22EDEB0073B44E /* PlaylistTrack.json in Resources */,
				DCE3905B2C22EBD40073B44E /* Assets.xcassets in Resources */,
			);
			runOnlyForDeploymentPostprocessing = 0;
		};
		DCE390612C22EBD40073B44E /* Resources */ = {
			isa = PBXResourcesBuildPhase;
			buildActionMask = 2147483647;
			files = (
			);
			runOnlyForDeploymentPostprocessing = 0;
		};
		DCE3906B2C22EBD40073B44E /* Resources */ = {
			isa = PBXResourcesBuildPhase;
			buildActionMask = 2147483647;
			files = (
			);
			runOnlyForDeploymentPostprocessing = 0;
		};
/* End PBXResourcesBuildPhase section */

/* Begin PBXSourcesBuildPhase section */
		DCE3904F2C22EBD00073B44E /* Sources */ = {
			isa = PBXSourcesBuildPhase;
			buildActionMask = 2147483647;
			files = (
				DCE390822C22EC030073B44E /* PlaylistTrack.swift in Sources */,
				DCEB1BFD2C292BEA00E04B72 /* PlayerViewModel.swift in Sources */,
				DCE390592C22EBD00073B44E /* ContentView.swift in Sources */,
				DCE390872C22ED2F0073B44E /* PlaylistTrackViewModel.swift in Sources */,
				DC4DEBF82C271A0B00446F10 /* PlayerView.swift in Sources */,
				DCE390572C22EBD00073B44E /* gitsApp.swift in Sources */,
				DCD9F2892C243F0D009D135B /* TrackView.swift in Sources */,
				DCD9F28B2C2440E4009D135B /* PlaylistTrackView.swift in Sources */,
				DCD9F2862C243419009D135B /* TimeConterter.swift in Sources */,
				DCEB1BFB2C291A9000E04B72 /* Color.swift in Sources */,
			);
			runOnlyForDeploymentPostprocessing = 0;
		};
		DCE3905F2C22EBD40073B44E /* Sources */ = {
			isa = PBXSourcesBuildPhase;
			buildActionMask = 2147483647;
			files = (
				DCE390682C22EBD40073B44E /* gitsTests.swift in Sources */,
			);
			runOnlyForDeploymentPostprocessing = 0;
		};
		DCE390692C22EBD40073B44E /* Sources */ = {
			isa = PBXSourcesBuildPhase;
			buildActionMask = 2147483647;
			files = (
				DCE390742C22EBD40073B44E /* gitsUITestsLaunchTests.swift in Sources */,
				DCE390722C22EBD40073B44E /* gitsUITests.swift in Sources */,
			);
			runOnlyForDeploymentPostprocessing = 0;
		};
/* End PBXSourcesBuildPhase section */

/* Begin PBXTargetDependency section */
		DCE390652C22EBD40073B44E /* PBXTargetDependency */ = {
			isa = PBXTargetDependency;
			target = DCE390522C22EBD00073B44E /* gits */;
			targetProxy = DCE390642C22EBD40073B44E /* PBXContainerItemProxy */;
		};
		DCE3906F2C22EBD40073B44E /* PBXTargetDependency */ = {
			isa = PBXTargetDependency;
			target = DCE390522C22EBD00073B44E /* gits */;
			targetProxy = DCE3906E2C22EBD40073B44E /* PBXContainerItemProxy */;
		};
/* End PBXTargetDependency section */

/* Begin XCBuildConfiguration section */
		DCE390752C22EBD40073B44E /* Debug */ = {
			isa = XCBuildConfiguration;
			buildSettings = {
				ALWAYS_SEARCH_USER_PATHS = NO;
				ASSETCATALOG_COMPILER_GENERATE_SWIFT_ASSET_SYMBOL_EXTENSIONS = YES;
				CLANG_ANALYZER_NONNULL = YES;
				CLANG_ANALYZER_NUMBER_OBJECT_CONVERSION = YES_AGGRESSIVE;
				CLANG_CXX_LANGUAGE_STANDARD = "gnu++20";
				CLANG_ENABLE_MODULES = YES;
				CLANG_ENABLE_OBJC_ARC = YES;
				CLANG_ENABLE_OBJC_WEAK = YES;
				CLANG_WARN_BLOCK_CAPTURE_AUTORELEASING = YES;
				CLANG_WARN_BOOL_CONVERSION = YES;
				CLANG_WARN_COMMA = YES;
				CLANG_WARN_CONSTANT_CONVERSION = YES;
				CLANG_WARN_DEPRECATED_OBJC_IMPLEMENTATIONS = YES;
				CLANG_WARN_DIRECT_OBJC_ISA_USAGE = YES_ERROR;
				CLANG_WARN_DOCUMENTATION_COMMENTS = YES;
				CLANG_WARN_EMPTY_BODY = YES;
				CLANG_WARN_ENUM_CONVERSION = YES;
				CLANG_WARN_INFINITE_RECURSION = YES;
				CLANG_WARN_INT_CONVERSION = YES;
				CLANG_WARN_NON_LITERAL_NULL_CONVERSION = YES;
				CLANG_WARN_OBJC_IMPLICIT_RETAIN_SELF = YES;
				CLANG_WARN_OBJC_LITERAL_CONVERSION = YES;
				CLANG_WARN_OBJC_ROOT_CLASS = YES_ERROR;
				CLANG_WARN_QUOTED_INCLUDE_IN_FRAMEWORK_HEADER = YES;
				CLANG_WARN_RANGE_LOOP_ANALYSIS = YES;
				CLANG_WARN_STRICT_PROTOTYPES = YES;
				CLANG_WARN_SUSPICIOUS_MOVE = YES;
				CLANG_WARN_UNGUARDED_AVAILABILITY = YES_AGGRESSIVE;
				CLANG_WARN_UNREACHABLE_CODE = YES;
				CLANG_WARN__DUPLICATE_METHOD_MATCH = YES;
				COPY_PHASE_STRIP = NO;
				DEBUG_INFORMATION_FORMAT = dwarf;
				ENABLE_STRICT_OBJC_MSGSEND = YES;
				ENABLE_TESTABILITY = YES;
				ENABLE_USER_SCRIPT_SANDBOXING = YES;
				GCC_C_LANGUAGE_STANDARD = gnu17;
				GCC_DYNAMIC_NO_PIC = NO;
				GCC_NO_COMMON_BLOCKS = YES;
				GCC_OPTIMIZATION_LEVEL = 0;
				GCC_PREPROCESSOR_DEFINITIONS = (
					"DEBUG=1",
					"$(inherited)",
				);
				GCC_WARN_64_TO_32_BIT_CONVERSION = YES;
				GCC_WARN_ABOUT_RETURN_TYPE = YES_ERROR;
				GCC_WARN_UNDECLARED_SELECTOR = YES;
				GCC_WARN_UNINITIALIZED_AUTOS = YES_AGGRESSIVE;
				GCC_WARN_UNUSED_FUNCTION = YES;
				GCC_WARN_UNUSED_VARIABLE = YES;
				IPHONEOS_DEPLOYMENT_TARGET = 17.5;
				LOCALIZATION_PREFERS_STRING_CATALOGS = YES;
				MTL_ENABLE_DEBUG_INFO = INCLUDE_SOURCE;
				MTL_FAST_MATH = YES;
				ONLY_ACTIVE_ARCH = YES;
				SDKROOT = iphoneos;
				SWIFT_ACTIVE_COMPILATION_CONDITIONS = "DEBUG $(inherited)";
				SWIFT_OPTIMIZATION_LEVEL = "-Onone";
			};
			name = Debug;
		};
		DCE390762C22EBD40073B44E /* Release */ = {
			isa = XCBuildConfiguration;
			buildSettings = {
				ALWAYS_SEARCH_USER_PATHS = NO;
				ASSETCATALOG_COMPILER_GENERATE_SWIFT_ASSET_SYMBOL_EXTENSIONS = YES;
				CLANG_ANALYZER_NONNULL = YES;
				CLANG_ANALYZER_NUMBER_OBJECT_CONVERSION = YES_AGGRESSIVE;
				CLANG_CXX_LANGUAGE_STANDARD = "gnu++20";
				CLANG_ENABLE_MODULES = YES;
				CLANG_ENABLE_OBJC_ARC = YES;
				CLANG_ENABLE_OBJC_WEAK = YES;
				CLANG_WARN_BLOCK_CAPTURE_AUTORELEASING = YES;
				CLANG_WARN_BOOL_CONVERSION = YES;
				CLANG_WARN_COMMA = YES;
				CLANG_WARN_CONSTANT_CONVERSION = YES;
				CLANG_WARN_DEPRECATED_OBJC_IMPLEMENTATIONS = YES;
				CLANG_WARN_DIRECT_OBJC_ISA_USAGE = YES_ERROR;
				CLANG_WARN_DOCUMENTATION_COMMENTS = YES;
				CLANG_WARN_EMPTY_BODY = YES;
				CLANG_WARN_ENUM_CONVERSION = YES;
				CLANG_WARN_INFINITE_RECURSION = YES;
				CLANG_WARN_INT_CONVERSION = YES;
				CLANG_WARN_NON_LITERAL_NULL_CONVERSION = YES;
				CLANG_WARN_OBJC_IMPLICIT_RETAIN_SELF = YES;
				CLANG_WARN_OBJC_LITERAL_CONVERSION = YES;
				CLANG_WARN_OBJC_ROOT_CLASS = YES_ERROR;
				CLANG_WARN_QUOTED_INCLUDE_IN_FRAMEWORK_HEADER = YES;
				CLANG_WARN_RANGE_LOOP_ANALYSIS = YES;
				CLANG_WARN_STRICT_PROTOTYPES = YES;
				CLANG_WARN_SUSPICIOUS_MOVE = YES;
				CLANG_WARN_UNGUARDED_AVAILABILITY = YES_AGGRESSIVE;
				CLANG_WARN_UNREACHABLE_CODE = YES;
				CLANG_WARN__DUPLICATE_METHOD_MATCH = YES;
				COPY_PHASE_STRIP = NO;
				DEBUG_INFORMATION_FORMAT = "dwarf-with-dsym";
				ENABLE_NS_ASSERTIONS = NO;
				ENABLE_STRICT_OBJC_MSGSEND = YES;
				ENABLE_USER_SCRIPT_SANDBOXING = YES;
				GCC_C_LANGUAGE_STANDARD = gnu17;
				GCC_NO_COMMON_BLOCKS = YES;
				GCC_WARN_64_TO_32_BIT_CONVERSION = YES;
				GCC_WARN_ABOUT_RETURN_TYPE = YES_ERROR;
				GCC_WARN_UNDECLARED_SELECTOR = YES;
				GCC_WARN_UNINITIALIZED_AUTOS = YES_AGGRESSIVE;
				GCC_WARN_UNUSED_FUNCTION = YES;
				GCC_WARN_UNUSED_VARIABLE = YES;
				IPHONEOS_DEPLOYMENT_TARGET = 17.5;
				LOCALIZATION_PREFERS_STRING_CATALOGS = YES;
				MTL_ENABLE_DEBUG_INFO = NO;
				MTL_FAST_MATH = YES;
				SDKROOT = iphoneos;
				SWIFT_COMPILATION_MODE = wholemodule;
				VALIDATE_PRODUCT = YES;
			};
			name = Release;
		};
		DCE390782C22EBD50073B44E /* Debug */ = {
			isa = XCBuildConfiguration;
			buildSettings = {
				ASSETCATALOG_COMPILER_APPICON_NAME = AppIcon;
				ASSETCATALOG_COMPILER_GLOBAL_ACCENT_COLOR_NAME = AccentColor;
				CODE_SIGN_STYLE = Automatic;
				CURRENT_PROJECT_VERSION = 1;
				DEVELOPMENT_ASSET_PATHS = "\"gits/Preview Content\"";
				DEVELOPMENT_TEAM = YQP52N2TK8;
				ENABLE_PREVIEWS = YES;
				GENERATE_INFOPLIST_FILE = YES;
				INFOPLIST_KEY_UIApplicationSceneManifest_Generation = YES;
				INFOPLIST_KEY_UIApplicationSupportsIndirectInputEvents = YES;
				INFOPLIST_KEY_UILaunchScreen_Generation = YES;
				INFOPLIST_KEY_UISupportedInterfaceOrientations_iPad = "UIInterfaceOrientationPortrait UIInterfaceOrientationPortraitUpsideDown UIInterfaceOrientationLandscapeLeft UIInterfaceOrientationLandscapeRight";
				INFOPLIST_KEY_UISupportedInterfaceOrientations_iPhone = "UIInterfaceOrientationPortrait UIInterfaceOrientationLandscapeLeft UIInterfaceOrientationLandscapeRight";
				LD_RUNPATH_SEARCH_PATHS = (
					"$(inherited)",
					"@executable_path/Frameworks",
				);
				MARKETING_VERSION = 1.0;
				PRODUCT_BUNDLE_IDENTIFIER = com.example.gits;
				PRODUCT_NAME = "$(TARGET_NAME)";
				SWIFT_EMIT_LOC_STRINGS = YES;
				SWIFT_VERSION = 5.0;
				TARGETED_DEVICE_FAMILY = "1,2";
			};
			name = Debug;
		};
		DCE390792C22EBD50073B44E /* Release */ = {
			isa = XCBuildConfiguration;
			buildSettings = {
				ASSETCATALOG_COMPILER_APPICON_NAME = AppIcon;
				ASSETCATALOG_COMPILER_GLOBAL_ACCENT_COLOR_NAME = AccentColor;
				CODE_SIGN_STYLE = Automatic;
				CURRENT_PROJECT_VERSION = 1;
				DEVELOPMENT_ASSET_PATHS = "\"gits/Preview Content\"";
				DEVELOPMENT_TEAM = YQP52N2TK8;
				ENABLE_PREVIEWS = YES;
				GENERATE_INFOPLIST_FILE = YES;
				INFOPLIST_KEY_UIApplicationSceneManifest_Generation = YES;
				INFOPLIST_KEY_UIApplicationSupportsIndirectInputEvents = YES;
				INFOPLIST_KEY_UILaunchScreen_Generation = YES;
				INFOPLIST_KEY_UISupportedInterfaceOrientations_iPad = "UIInterfaceOrientationPortrait UIInterfaceOrientationPortraitUpsideDown UIInterfaceOrientationLandscapeLeft UIInterfaceOrientationLandscapeRight";
				INFOPLIST_KEY_UISupportedInterfaceOrientations_iPhone = "UIInterfaceOrientationPortrait UIInterfaceOrientationLandscapeLeft UIInterfaceOrientationLandscapeRight";
				LD_RUNPATH_SEARCH_PATHS = (
					"$(inherited)",
					"@executable_path/Frameworks",
				);
				MARKETING_VERSION = 1.0;
				PRODUCT_BUNDLE_IDENTIFIER = com.example.gits;
				PRODUCT_NAME = "$(TARGET_NAME)";
				SWIFT_EMIT_LOC_STRINGS = YES;
				SWIFT_VERSION = 5.0;
				TARGETED_DEVICE_FAMILY = "1,2";
			};
			name = Release;
		};
		DCE3907B2C22EBD50073B44E /* Debug */ = {
			isa = XCBuildConfiguration;
			buildSettings = {
				ALWAYS_EMBED_SWIFT_STANDARD_LIBRARIES = YES;
				BUNDLE_LOADER = "$(TEST_HOST)";
				CODE_SIGN_STYLE = Automatic;
				CURRENT_PROJECT_VERSION = 1;
				DEVELOPMENT_TEAM = YQP52N2TK8;
				GENERATE_INFOPLIST_FILE = YES;
				IPHONEOS_DEPLOYMENT_TARGET = 17.5;
				MARKETING_VERSION = 1.0;
				PRODUCT_BUNDLE_IDENTIFIER = com.example.gitsTests;
				PRODUCT_NAME = "$(TARGET_NAME)";
				SWIFT_EMIT_LOC_STRINGS = NO;
				SWIFT_VERSION = 5.0;
				TARGETED_DEVICE_FAMILY = "1,2";
				TEST_HOST = "$(BUILT_PRODUCTS_DIR)/gits.app/$(BUNDLE_EXECUTABLE_FOLDER_PATH)/gits";
			};
			name = Debug;
		};
		DCE3907C2C22EBD50073B44E /* Release */ = {
			isa = XCBuildConfiguration;
			buildSettings = {
				ALWAYS_EMBED_SWIFT_STANDARD_LIBRARIES = YES;
				BUNDLE_LOADER = "$(TEST_HOST)";
				CODE_SIGN_STYLE = Automatic;
				CURRENT_PROJECT_VERSION = 1;
				DEVELOPMENT_TEAM = YQP52N2TK8;
				GENERATE_INFOPLIST_FILE = YES;
				IPHONEOS_DEPLOYMENT_TARGET = 17.5;
				MARKETING_VERSION = 1.0;
				PRODUCT_BUNDLE_IDENTIFIER = com.example.gitsTests;
				PRODUCT_NAME = "$(TARGET_NAME)";
				SWIFT_EMIT_LOC_STRINGS = NO;
				SWIFT_VERSION = 5.0;
				TARGETED_DEVICE_FAMILY = "1,2";
				TEST_HOST = "$(BUILT_PRODUCTS_DIR)/gits.app/$(BUNDLE_EXECUTABLE_FOLDER_PATH)/gits";
			};
			name = Release;
		};
		DCE3907E2C22EBD50073B44E /* Debug */ = {
			isa = XCBuildConfiguration;
			buildSettings = {
				ALWAYS_EMBED_SWIFT_STANDARD_LIBRARIES = YES;
				CODE_SIGN_STYLE = Automatic;
				CURRENT_PROJECT_VERSION = 1;
				DEVELOPMENT_TEAM = YQP52N2TK8;
				GENERATE_INFOPLIST_FILE = YES;
				MARKETING_VERSION = 1.0;
				PRODUCT_BUNDLE_IDENTIFIER = com.example.gitsUITests;
				PRODUCT_NAME = "$(TARGET_NAME)";
				SWIFT_EMIT_LOC_STRINGS = NO;
				SWIFT_VERSION = 5.0;
				TARGETED_DEVICE_FAMILY = "1,2";
				TEST_TARGET_NAME = gits;
			};
			name = Debug;
		};
		DCE3907F2C22EBD50073B44E /* Release */ = {
			isa = XCBuildConfiguration;
			buildSettings = {
				ALWAYS_EMBED_SWIFT_STANDARD_LIBRARIES = YES;
				CODE_SIGN_STYLE = Automatic;
				CURRENT_PROJECT_VERSION = 1;
				DEVELOPMENT_TEAM = YQP52N2TK8;
				GENERATE_INFOPLIST_FILE = YES;
				MARKETING_VERSION = 1.0;
				PRODUCT_BUNDLE_IDENTIFIER = com.example.gitsUITests;
				PRODUCT_NAME = "$(TARGET_NAME)";
				SWIFT_EMIT_LOC_STRINGS = NO;
				SWIFT_VERSION = 5.0;
				TARGETED_DEVICE_FAMILY = "1,2";
				TEST_TARGET_NAME = gits;
			};
			name = Release;
		};
/* End XCBuildConfiguration section */

/* Begin XCConfigurationList section */
		DCE3904E2C22EBD00073B44E /* Build configuration list for PBXProject "gits" */ = {
			isa = XCConfigurationList;
			buildConfigurations = (
				DCE390752C22EBD40073B44E /* Debug */,
				DCE390762C22EBD40073B44E /* Release */,
			);
			defaultConfigurationIsVisible = 0;
			defaultConfigurationName = Release;
		};
		DCE390772C22EBD50073B44E /* Build configuration list for PBXNativeTarget "gits" */ = {
			isa = XCConfigurationList;
			buildConfigurations = (
				DCE390782C22EBD50073B44E /* Debug */,
				DCE390792C22EBD50073B44E /* Release */,
			);
			defaultConfigurationIsVisible = 0;
			defaultConfigurationName = Release;
		};
		DCE3907A2C22EBD50073B44E /* Build configuration list for PBXNativeTarget "gitsTests" */ = {
			isa = XCConfigurationList;
			buildConfigurations = (
				DCE3907B2C22EBD50073B44E /* Debug */,
				DCE3907C2C22EBD50073B44E /* Release */,
			);
			defaultConfigurationIsVisible = 0;
			defaultConfigurationName = Release;
		};
		DCE3907D2C22EBD50073B44E /* Build configuration list for PBXNativeTarget "gitsUITests" */ = {
			isa = XCConfigurationList;
			buildConfigurations = (
				DCE3907E2C22EBD50073B44E /* Debug */,
				DCE3907F2C22EBD50073B44E /* Release */,
			);
			defaultConfigurationIsVisible = 0;
			defaultConfigurationName = Release;
		};
/* End XCConfigurationList section */
	};
	rootObject = DCE3904B2C22EBD00073B44E /* Project object */;
}
